
Microsoft Visual Studio Solution File, Format Version 12.00
# Visual Studio Version 16
VisualStudioVersion = 16.0.31624.102
MinimumVisualStudioVersion = 10.0.40219.1
Project("{FAE04EC0-301F-11D3-BF4B-00C04F79EFBC}") = "MvcCar", "MvcCar\MvcCar.csproj", "{7ED165E9-5596-4514-AEEA-7506E567C388}"
EndProject
Global
	GlobalSection(SolutionConfigurationPlatforms) = preSolution
		Debug|Any CPU = Debug|Any CPU
		Release|Any CPU = Release|Any CPU
	EndGlobalSection
	GlobalSection(ProjectConfigurationPlatforms) = postSolution
		{7ED165E9-5596-4514-AEEA-7506E567C388}.Debug|Any CPU.ActiveCfg = Debug|Any CPU
		{7ED165E9-5596-4514-AEEA-7506E567C388}.Debug|Any CPU.Build.0 = Debug|Any CPU
		{7ED165E9-5596-4514-AEEA-7506E567C388}.Release|Any CPU.ActiveCfg = Release|Any CPU
		{7ED165E9-5596-4514-AEEA-7506E567C388}.Release|Any CPU.Build.0 = Release|Any CPU
	EndGlobalSection
	GlobalSection(SolutionProperties) = preSolution
		HideSolutionNode = FALSE
	EndGlobalSection
	GlobalSection(ExtensibilityGlobals) = postSolution
		SolutionGuid = {87545AF6-A7C6-4B8A-8D51-E42404EBBDC0}
	EndGlobalSection
EndGlobal
